
Microsoft Visual Studio Solution File, Format Version 12.00
# Visual Studio Version 17
VisualStudioVersion = 17.5.002.0
MinimumVisualStudioVersion = 10.0.40219.1
Project("{9A19103F-16F7-4668-BE54-9A1E7A4F7556}") = "BlazingPizza", "BlazingPizza.csproj", "{26818504-3C8B-41AF-B808-53D693BE3F90}"
EndProject
Global
	GlobalSection(SolutionConfigurationPlatforms) = preSolution
		Debug|Any CPU = Debug|Any CPU
		Release|Any CPU = Release|Any CPU
	EndGlobalSection
	GlobalSection(ProjectConfigurationPlatforms) = postSolution
		{26818504-3C8B-41AF-B808-53D693BE3F90}.Debug|Any CPU.ActiveCfg = Debug|Any CPU
		{26818504-3C8B-41AF-B808-53D693BE3F90}.Debug|Any CPU.Build.0 = Debug|Any CPU
		{26818504-3C8B-41AF-B808-53D693BE3F90}.Release|Any CPU.ActiveCfg = Release|Any CPU
		{26818504-3C8B-41AF-B808-53D693BE3F90}.Release|Any CPU.Build.0 = Release|Any CPU
	EndGlobalSection
	GlobalSection(SolutionProperties) = preSolution
		HideSolutionNode = FALSE
	EndGlobalSection
	GlobalSection(ExtensibilityGlobals) = postSolution
		SolutionGuid = {E3C59F61-1B1D-4F59-AAE9-A710EE4AF704}
	EndGlobalSection
EndGlobal
